
Microsoft Visual Studio Solution File, Format Version 12.00
# Visual Studio Version 17
VisualStudioVersion = 17.0.31903.59
MinimumVisualStudioVersion = 10.0.40219.1
Project("{9A19103F-16F7-4668-BE54-9A1E7A4F7556}") = "ArchiveLoaderDemo", "demos\ArchiveLoaderDemo\ArchiveLoaderDemo.csproj", "{EF3C4E56-6C46-4A59-BD9E-54FBD37FB699}"
EndProject
Project("{9A19103F-16F7-4668-BE54-9A1E7A4F7556}") = "ArchiveUtility", "ArchiveUtility\ArchiveUtility.csproj", "{758FA50E-130F-47EE-8A3F-9F63AB1F6298}"
EndProject
Project("{9A19103F-16F7-4668-BE54-9A1E7A4F7556}") = "CpioArchives", "archives\CpioArchives\CpioArchives.csproj", "{5B37BB69-7DF9-4AE4-A887-8D358A1D8DAE}"
EndProject
Project("{9A19103F-16F7-4668-BE54-9A1E7A4F7556}") = "TarArchives", "archives\TarArchives\TarArchives.csproj", "{012B812D-A4A2-4430-BF27-509677D51864}"
EndProject
Project("{9A19103F-16F7-4668-BE54-9A1E7A4F7556}") = "SWUpdateArchives", "archives\SWUpdateArchives\SWUpdateArchives.csproj", "{CC6B15FC-46F5-4F09-81CF-2BEEFA28DF3D}"
EndProject
Project("{9A19103F-16F7-4668-BE54-9A1E7A4F7556}") = "Ext4Archives", "archives\Ext4Archives\Ext4Archives.csproj", "{F58880D1-841D-473D-B855-5046AD8E0147}"
EndProject
Project("{9A19103F-16F7-4668-BE54-9A1E7A4F7556}") = "UnitTests", "tests\UnitTests\UnitTests.csproj", "{B7CD001A-184C-4D2B-9BB2-DDEF651120C4}"
EndProject
Project("{9A19103F-16F7-4668-BE54-9A1E7A4F7556}") = "EndToEndTests", "tests\EndToEndTests\EndToEndTests.csproj", "{80C32A7F-956B-4DBF-8FB9-B9403F015926}"
EndProject
Project("{9A19103F-16F7-4668-BE54-9A1E7A4F7556}") = "JSONExpansionDemo", "demos\JSONExpansionDemo\JSONExpansionDemo.csproj", "{B3911F7F-18BC-4BEB-A430-FBFD3085DE41}"
EndProject
Project("{9A19103F-16F7-4668-BE54-9A1E7A4F7556}") = "DiffGeneration", "DiffGeneration\DiffGeneration.csproj", "{EC4B6B32-5C2D-4268-B945-412B29F1C77F}"
EndProject
Project("{9A19103F-16F7-4668-BE54-9A1E7A4F7556}") = "DiffGenTool", "tools\DiffGenTool\DiffGenTool.csproj", "{70BB2BF2-B3D7-43DA-9834-7DB2E90FFCAC}"
EndProject
Project("{2150E333-8FDC-42A3-9474-1A3956D46DE8}") = "Core", "Core", "{B4FC96A4-0469-4729-B96F-53229A3158AA}"
EndProject
Project("{9A19103F-16F7-4668-BE54-9A1E7A4F7556}") = "ArchiveUtilityTest", "tests\ArchiveUtilityTest\ArchiveUtilityTest.csproj", "{2FD73755-AB7C-4868-8F57-C45752973C3E}"
EndProject
Project("{2150E333-8FDC-42A3-9474-1A3956D46DE8}") = "Tests", "Tests", "{482A2C41-364C-4683-998E-61299A804BC5}"
EndProject
Project("{2150E333-8FDC-42A3-9474-1A3956D46DE8}") = "Archives", "Archives", "{BB18CFB6-90A0-4B8C-8F8E-9719C1BA579D}"
EndProject
Project("{2150E333-8FDC-42A3-9474-1A3956D46DE8}") = "Tools", "Tools", "{97F719F6-7599-464D-946F-391A12524EEF}"
EndProject
Project("{FAE04EC0-301F-11D3-BF4B-00C04F79EFBC}") = "ZipArchives", "archives\ZipArchives\ZipArchives.csproj", "{920005FE-E10E-4466-9EE5-7DE6BB977036}"
EndProject
Global
	GlobalSection(SolutionConfigurationPlatforms) = preSolution
		Debug|Any CPU = Debug|Any CPU
		Debug|x64 = Debug|x64
		Debug|x86 = Debug|x86
		Release|Any CPU = Release|Any CPU
		Release|x64 = Release|x64
		Release|x86 = Release|x86
	EndGlobalSection
	GlobalSection(ProjectConfigurationPlatforms) = postSolution
		{EF3C4E56-6C46-4A59-BD9E-54FBD37FB699}.Debug|Any CPU.ActiveCfg = Debug|Any CPU
		{EF3C4E56-6C46-4A59-BD9E-54FBD37FB699}.Debug|Any CPU.Build.0 = Debug|Any CPU
		{EF3C4E56-6C46-4A59-BD9E-54FBD37FB699}.Debug|x64.ActiveCfg = Debug|Any CPU
		{EF3C4E56-6C46-4A59-BD9E-54FBD37FB699}.Debug|x64.Build.0 = Debug|Any CPU
		{EF3C4E56-6C46-4A59-BD9E-54FBD37FB699}.Debug|x86.ActiveCfg = Debug|Any CPU
		{EF3C4E56-6C46-4A59-BD9E-54FBD37FB699}.Debug|x86.Build.0 = Debug|Any CPU
		{EF3C4E56-6C46-4A59-BD9E-54FBD37FB699}.Release|Any CPU.ActiveCfg = Release|Any CPU
		{EF3C4E56-6C46-4A59-BD9E-54FBD37FB699}.Release|Any CPU.Build.0 = Release|Any CPU
		{EF3C4E56-6C46-4A59-BD9E-54FBD37FB699}.Release|x64.ActiveCfg = Release|Any CPU
		{EF3C4E56-6C46-4A59-BD9E-54FBD37FB699}.Release|x64.Build.0 = Release|Any CPU
		{EF3C4E56-6C46-4A59-BD9E-54FBD37FB699}.Release|x86.ActiveCfg = Release|Any CPU
		{EF3C4E56-6C46-4A59-BD9E-54FBD37FB699}.Release|x86.Build.0 = Release|Any CPU
		{758FA50E-130F-47EE-8A3F-9F63AB1F6298}.Debug|Any CPU.ActiveCfg = Debug|Any CPU
		{758FA50E-130F-47EE-8A3F-9F63AB1F6298}.Debug|Any CPU.Build.0 = Debug|Any CPU
		{758FA50E-130F-47EE-8A3F-9F63AB1F6298}.Debug|x64.ActiveCfg = Debug|Any CPU
		{758FA50E-130F-47EE-8A3F-9F63AB1F6298}.Debug|x64.Build.0 = Debug|Any CPU
		{758FA50E-130F-47EE-8A3F-9F63AB1F6298}.Debug|x86.ActiveCfg = Debug|Any CPU
		{758FA50E-130F-47EE-8A3F-9F63AB1F6298}.Debug|x86.Build.0 = Debug|Any CPU
		{758FA50E-130F-47EE-8A3F-9F63AB1F6298}.Release|Any CPU.ActiveCfg = Release|Any CPU
		{758FA50E-130F-47EE-8A3F-9F63AB1F6298}.Release|Any CPU.Build.0 = Release|Any CPU
		{758FA50E-130F-47EE-8A3F-9F63AB1F6298}.Release|x64.ActiveCfg = Release|Any CPU
		{758FA50E-130F-47EE-8A3F-9F63AB1F6298}.Release|x64.Build.0 = Release|Any CPU
		{758FA50E-130F-47EE-8A3F-9F63AB1F6298}.Release|x86.ActiveCfg = Release|Any CPU
		{758FA50E-130F-47EE-8A3F-9F63AB1F6298}.Release|x86.Build.0 = Release|Any CPU
		{5B37BB69-7DF9-4AE4-A887-8D358A1D8DAE}.Debug|Any CPU.ActiveCfg = Debug|Any CPU
		{5B37BB69-7DF9-4AE4-A887-8D358A1D8DAE}.Debug|Any CPU.Build.0 = Debug|Any CPU
		{5B37BB69-7DF9-4AE4-A887-8D358A1D8DAE}.Debug|x64.ActiveCfg = Debug|Any CPU
		{5B37BB69-7DF9-4AE4-A887-8D358A1D8DAE}.Debug|x64.Build.0 = Debug|Any CPU
		{5B37BB69-7DF9-4AE4-A887-8D358A1D8DAE}.Debug|x86.ActiveCfg = Debug|Any CPU
		{5B37BB69-7DF9-4AE4-A887-8D358A1D8DAE}.Debug|x86.Build.0 = Debug|Any CPU
		{5B37BB69-7DF9-4AE4-A887-8D358A1D8DAE}.Release|Any CPU.ActiveCfg = Release|Any CPU
		{5B37BB69-7DF9-4AE4-A887-8D358A1D8DAE}.Release|Any CPU.Build.0 = Release|Any CPU
		{5B37BB69-7DF9-4AE4-A887-8D358A1D8DAE}.Release|x64.ActiveCfg = Release|Any CPU
		{5B37BB69-7DF9-4AE4-A887-8D358A1D8DAE}.Release|x64.Build.0 = Release|Any CPU
		{5B37BB69-7DF9-4AE4-A887-8D358A1D8DAE}.Release|x86.ActiveCfg = Release|Any CPU
		{5B37BB69-7DF9-4AE4-A887-8D358A1D8DAE}.Release|x86.Build.0 = Release|Any CPU
		{012B812D-A4A2-4430-BF27-509677D51864}.Debug|Any CPU.ActiveCfg = Debug|Any CPU
		{012B812D-A4A2-4430-BF27-509677D51864}.Debug|Any CPU.Build.0 = Debug|Any CPU
		{012B812D-A4A2-4430-BF27-509677D51864}.Debug|x64.ActiveCfg = Debug|Any CPU
		{012B812D-A4A2-4430-BF27-509677D51864}.Debug|x64.Build.0 = Debug|Any CPU
		{012B812D-A4A2-4430-BF27-509677D51864}.Debug|x86.ActiveCfg = Debug|Any CPU
		{012B812D-A4A2-4430-BF27-509677D51864}.Debug|x86.Build.0 = Debug|Any CPU
		{012B812D-A4A2-4430-BF27-509677D51864}.Release|Any CPU.ActiveCfg = Release|Any CPU
		{012B812D-A4A2-4430-BF27-509677D51864}.Release|Any CPU.Build.0 = Release|Any CPU
		{012B812D-A4A2-4430-BF27-509677D51864}.Release|x64.ActiveCfg = Release|Any CPU
		{012B812D-A4A2-4430-BF27-509677D51864}.Release|x64.Build.0 = Release|Any CPU
		{012B812D-A4A2-4430-BF27-509677D51864}.Release|x86.ActiveCfg = Release|Any CPU
		{012B812D-A4A2-4430-BF27-509677D51864}.Release|x86.Build.0 = Release|Any CPU
		{CC6B15FC-46F5-4F09-81CF-2BEEFA28DF3D}.Debug|Any CPU.ActiveCfg = Debug|Any CPU
		{CC6B15FC-46F5-4F09-81CF-2BEEFA28DF3D}.Debug|Any CPU.Build.0 = Debug|Any CPU
		{CC6B15FC-46F5-4F09-81CF-2BEEFA28DF3D}.Debug|x64.ActiveCfg = Debug|Any CPU
		{CC6B15FC-46F5-4F09-81CF-2BEEFA28DF3D}.Debug|x64.Build.0 = Debug|Any CPU
		{CC6B15FC-46F5-4F09-81CF-2BEEFA28DF3D}.Debug|x86.ActiveCfg = Debug|Any CPU
		{CC6B15FC-46F5-4F09-81CF-2BEEFA28DF3D}.Debug|x86.Build.0 = Debug|Any CPU
		{CC6B15FC-46F5-4F09-81CF-2BEEFA28DF3D}.Release|Any CPU.ActiveCfg = Release|Any CPU
		{CC6B15FC-46F5-4F09-81CF-2BEEFA28DF3D}.Release|Any CPU.Build.0 = Release|Any CPU
		{CC6B15FC-46F5-4F09-81CF-2BEEFA28DF3D}.Release|x64.ActiveCfg = Release|Any CPU
		{CC6B15FC-46F5-4F09-81CF-2BEEFA28DF3D}.Release|x64.Build.0 = Release|Any CPU
		{CC6B15FC-46F5-4F09-81CF-2BEEFA28DF3D}.Release|x86.ActiveCfg = Release|Any CPU
		{CC6B15FC-46F5-4F09-81CF-2BEEFA28DF3D}.Release|x86.Build.0 = Release|Any CPU
		{F58880D1-841D-473D-B855-5046AD8E0147}.Debug|Any CPU.ActiveCfg = Debug|Any CPU
		{F58880D1-841D-473D-B855-5046AD8E0147}.Debug|Any CPU.Build.0 = Debug|Any CPU
		{F58880D1-841D-473D-B855-5046AD8E0147}.Debug|x64.ActiveCfg = Debug|Any CPU
		{F58880D1-841D-473D-B855-5046AD8E0147}.Debug|x64.Build.0 = Debug|Any CPU
		{F58880D1-841D-473D-B855-5046AD8E0147}.Debug|x86.ActiveCfg = Debug|Any CPU
		{F58880D1-841D-473D-B855-5046AD8E0147}.Debug|x86.Build.0 = Debug|Any CPU
		{F58880D1-841D-473D-B855-5046AD8E0147}.Release|Any CPU.ActiveCfg = Release|Any CPU
		{F58880D1-841D-473D-B855-5046AD8E0147}.Release|Any CPU.Build.0 = Release|Any CPU
		{F58880D1-841D-473D-B855-5046AD8E0147}.Release|x64.ActiveCfg = Release|Any CPU
		{F58880D1-841D-473D-B855-5046AD8E0147}.Release|x64.Build.0 = Release|Any CPU
		{F58880D1-841D-473D-B855-5046AD8E0147}.Release|x86.ActiveCfg = Release|Any CPU
		{F58880D1-841D-473D-B855-5046AD8E0147}.Release|x86.Build.0 = Release|Any CPU
		{B7CD001A-184C-4D2B-9BB2-DDEF651120C4}.Debug|Any CPU.ActiveCfg = Debug|Any CPU
		{B7CD001A-184C-4D2B-9BB2-DDEF651120C4}.Debug|Any CPU.Build.0 = Debug|Any CPU
		{B7CD001A-184C-4D2B-9BB2-DDEF651120C4}.Debug|x64.ActiveCfg = Debug|Any CPU
		{B7CD001A-184C-4D2B-9BB2-DDEF651120C4}.Debug|x64.Build.0 = Debug|Any CPU
		{B7CD001A-184C-4D2B-9BB2-DDEF651120C4}.Debug|x86.ActiveCfg = Debug|Any CPU
		{B7CD001A-184C-4D2B-9BB2-DDEF651120C4}.Debug|x86.Build.0 = Debug|Any CPU
		{B7CD001A-184C-4D2B-9BB2-DDEF651120C4}.Release|Any CPU.ActiveCfg = Release|Any CPU
		{B7CD001A-184C-4D2B-9BB2-DDEF651120C4}.Release|Any CPU.Build.0 = Release|Any CPU
		{B7CD001A-184C-4D2B-9BB2-DDEF651120C4}.Release|x64.ActiveCfg = Release|Any CPU
		{B7CD001A-184C-4D2B-9BB2-DDEF651120C4}.Release|x64.Build.0 = Release|Any CPU
		{B7CD001A-184C-4D2B-9BB2-DDEF651120C4}.Release|x86.ActiveCfg = Release|Any CPU
		{B7CD001A-184C-4D2B-9BB2-DDEF651120C4}.Release|x86.Build.0 = Release|Any CPU
		{80C32A7F-956B-4DBF-8FB9-B9403F015926}.Debug|Any CPU.ActiveCfg = Debug|Any CPU
		{80C32A7F-956B-4DBF-8FB9-B9403F015926}.Debug|Any CPU.Build.0 = Debug|Any CPU
		{80C32A7F-956B-4DBF-8FB9-B9403F015926}.Debug|x64.ActiveCfg = Debug|Any CPU
		{80C32A7F-956B-4DBF-8FB9-B9403F015926}.Debug|x64.Build.0 = Debug|Any CPU
		{80C32A7F-956B-4DBF-8FB9-B9403F015926}.Debug|x86.ActiveCfg = Debug|Any CPU
		{80C32A7F-956B-4DBF-8FB9-B9403F015926}.Debug|x86.Build.0 = Debug|Any CPU
		{80C32A7F-956B-4DBF-8FB9-B9403F015926}.Release|Any CPU.ActiveCfg = Release|Any CPU
		{80C32A7F-956B-4DBF-8FB9-B9403F015926}.Release|Any CPU.Build.0 = Release|Any CPU
		{80C32A7F-956B-4DBF-8FB9-B9403F015926}.Release|x64.ActiveCfg = Release|Any CPU
		{80C32A7F-956B-4DBF-8FB9-B9403F015926}.Release|x64.Build.0 = Release|Any CPU
		{80C32A7F-956B-4DBF-8FB9-B9403F015926}.Release|x86.ActiveCfg = Release|Any CPU
		{80C32A7F-956B-4DBF-8FB9-B9403F015926}.Release|x86.Build.0 = Release|Any CPU
		{B3911F7F-18BC-4BEB-A430-FBFD3085DE41}.Debug|Any CPU.ActiveCfg = Debug|Any CPU
		{B3911F7F-18BC-4BEB-A430-FBFD3085DE41}.Debug|Any CPU.Build.0 = Debug|Any CPU
		{B3911F7F-18BC-4BEB-A430-FBFD3085DE41}.Debug|x64.ActiveCfg = Debug|Any CPU
		{B3911F7F-18BC-4BEB-A430-FBFD3085DE41}.Debug|x64.Build.0 = Debug|Any CPU
		{B3911F7F-18BC-4BEB-A430-FBFD3085DE41}.Debug|x86.ActiveCfg = Debug|Any CPU
		{B3911F7F-18BC-4BEB-A430-FBFD3085DE41}.Debug|x86.Build.0 = Debug|Any CPU
		{B3911F7F-18BC-4BEB-A430-FBFD3085DE41}.Release|Any CPU.ActiveCfg = Release|Any CPU
		{B3911F7F-18BC-4BEB-A430-FBFD3085DE41}.Release|Any CPU.Build.0 = Release|Any CPU
		{B3911F7F-18BC-4BEB-A430-FBFD3085DE41}.Release|x64.ActiveCfg = Release|Any CPU
		{B3911F7F-18BC-4BEB-A430-FBFD3085DE41}.Release|x64.Build.0 = Release|Any CPU
		{B3911F7F-18BC-4BEB-A430-FBFD3085DE41}.Release|x86.ActiveCfg = Release|Any CPU
		{B3911F7F-18BC-4BEB-A430-FBFD3085DE41}.Release|x86.Build.0 = Release|Any CPU
		{EC4B6B32-5C2D-4268-B945-412B29F1C77F}.Debug|Any CPU.ActiveCfg = Debug|Any CPU
		{EC4B6B32-5C2D-4268-B945-412B29F1C77F}.Debug|Any CPU.Build.0 = Debug|Any CPU
		{EC4B6B32-5C2D-4268-B945-412B29F1C77F}.Debug|x64.ActiveCfg = Debug|Any CPU
		{EC4B6B32-5C2D-4268-B945-412B29F1C77F}.Debug|x64.Build.0 = Debug|Any CPU
		{EC4B6B32-5C2D-4268-B945-412B29F1C77F}.Debug|x86.ActiveCfg = Debug|Any CPU
		{EC4B6B32-5C2D-4268-B945-412B29F1C77F}.Debug|x86.Build.0 = Debug|Any CPU
		{EC4B6B32-5C2D-4268-B945-412B29F1C77F}.Release|Any CPU.ActiveCfg = Release|Any CPU
		{EC4B6B32-5C2D-4268-B945-412B29F1C77F}.Release|Any CPU.Build.0 = Release|Any CPU
		{EC4B6B32-5C2D-4268-B945-412B29F1C77F}.Release|x64.ActiveCfg = Release|Any CPU
		{EC4B6B32-5C2D-4268-B945-412B29F1C77F}.Release|x64.Build.0 = Release|Any CPU
		{EC4B6B32-5C2D-4268-B945-412B29F1C77F}.Release|x86.ActiveCfg = Release|Any CPU
		{EC4B6B32-5C2D-4268-B945-412B29F1C77F}.Release|x86.Build.0 = Release|Any CPU
		{70BB2BF2-B3D7-43DA-9834-7DB2E90FFCAC}.Debug|Any CPU.ActiveCfg = Debug|Any CPU
		{70BB2BF2-B3D7-43DA-9834-7DB2E90FFCAC}.Debug|Any CPU.Build.0 = Debug|Any CPU
		{70BB2BF2-B3D7-43DA-9834-7DB2E90FFCAC}.Debug|x64.ActiveCfg = Debug|x64
		{70BB2BF2-B3D7-43DA-9834-7DB2E90FFCAC}.Debug|x64.Build.0 = Debug|x64
		{70BB2BF2-B3D7-43DA-9834-7DB2E90FFCAC}.Debug|x86.ActiveCfg = Debug|x86
		{70BB2BF2-B3D7-43DA-9834-7DB2E90FFCAC}.Debug|x86.Build.0 = Debug|x86
		{70BB2BF2-B3D7-43DA-9834-7DB2E90FFCAC}.Release|Any CPU.ActiveCfg = Release|Any CPU
		{70BB2BF2-B3D7-43DA-9834-7DB2E90FFCAC}.Release|Any CPU.Build.0 = Release|Any CPU
		{70BB2BF2-B3D7-43DA-9834-7DB2E90FFCAC}.Release|x64.ActiveCfg = Release|x64
		{70BB2BF2-B3D7-43DA-9834-7DB2E90FFCAC}.Release|x64.Build.0 = Release|x64
		{70BB2BF2-B3D7-43DA-9834-7DB2E90FFCAC}.Release|x86.ActiveCfg = Release|x86
		{70BB2BF2-B3D7-43DA-9834-7DB2E90FFCAC}.Release|x86.Build.0 = Release|x86
		{2FD73755-AB7C-4868-8F57-C45752973C3E}.Debug|Any CPU.ActiveCfg = Debug|Any CPU
		{2FD73755-AB7C-4868-8F57-C45752973C3E}.Debug|Any CPU.Build.0 = Debug|Any CPU
		{2FD73755-AB7C-4868-8F57-C45752973C3E}.Debug|x64.ActiveCfg = Debug|Any CPU
		{2FD73755-AB7C-4868-8F57-C45752973C3E}.Debug|x64.Build.0 = Debug|Any CPU
		{2FD73755-AB7C-4868-8F57-C45752973C3E}.Debug|x86.ActiveCfg = Debug|Any CPU
		{2FD73755-AB7C-4868-8F57-C45752973C3E}.Debug|x86.Build.0 = Debug|Any CPU
		{2FD73755-AB7C-4868-8F57-C45752973C3E}.Release|Any CPU.ActiveCfg = Release|Any CPU
		{2FD73755-AB7C-4868-8F57-C45752973C3E}.Release|Any CPU.Build.0 = Release|Any CPU
		{2FD73755-AB7C-4868-8F57-C45752973C3E}.Release|x64.ActiveCfg = Release|Any CPU
		{2FD73755-AB7C-4868-8F57-C45752973C3E}.Release|x64.Build.0 = Release|Any CPU
		{2FD73755-AB7C-4868-8F57-C45752973C3E}.Release|x86.ActiveCfg = Release|Any CPU
		{2FD73755-AB7C-4868-8F57-C45752973C3E}.Release|x86.Build.0 = Release|Any CPU
		{920005FE-E10E-4466-9EE5-7DE6BB977036}.Debug|Any CPU.ActiveCfg = Debug|Any CPU
		{920005FE-E10E-4466-9EE5-7DE6BB977036}.Debug|Any CPU.Build.0 = Debug|Any CPU
		{920005FE-E10E-4466-9EE5-7DE6BB977036}.Debug|x64.ActiveCfg = Debug|Any CPU
		{920005FE-E10E-4466-9EE5-7DE6BB977036}.Debug|x64.Build.0 = Debug|Any CPU
		{920005FE-E10E-4466-9EE5-7DE6BB977036}.Debug|x86.ActiveCfg = Debug|Any CPU
		{920005FE-E10E-4466-9EE5-7DE6BB977036}.Debug|x86.Build.0 = Debug|Any CPU
		{920005FE-E10E-4466-9EE5-7DE6BB977036}.Release|Any CPU.ActiveCfg = Release|Any CPU
		{920005FE-E10E-4466-9EE5-7DE6BB977036}.Release|Any CPU.Build.0 = Release|Any CPU
		{920005FE-E10E-4466-9EE5-7DE6BB977036}.Release|x64.ActiveCfg = Release|Any CPU
		{920005FE-E10E-4466-9EE5-7DE6BB977036}.Release|x64.Build.0 = Release|Any CPU
		{920005FE-E10E-4466-9EE5-7DE6BB977036}.Release|x86.ActiveCfg = Release|Any CPU
		{920005FE-E10E-4466-9EE5-7DE6BB977036}.Release|x86.Build.0 = Release|Any CPU
	EndGlobalSection
	GlobalSection(SolutionProperties) = preSolution
		HideSolutionNode = FALSE
	EndGlobalSection
	GlobalSection(NestedProjects) = preSolution
		{EF3C4E56-6C46-4A59-BD9E-54FBD37FB699} = {97F719F6-7599-464D-946F-391A12524EEF}
		{758FA50E-130F-47EE-8A3F-9F63AB1F6298} = {B4FC96A4-0469-4729-B96F-53229A3158AA}
		{5B37BB69-7DF9-4AE4-A887-8D358A1D8DAE} = {BB18CFB6-90A0-4B8C-8F8E-9719C1BA579D}
		{012B812D-A4A2-4430-BF27-509677D51864} = {BB18CFB6-90A0-4B8C-8F8E-9719C1BA579D}
		{CC6B15FC-46F5-4F09-81CF-2BEEFA28DF3D} = {BB18CFB6-90A0-4B8C-8F8E-9719C1BA579D}
		{F58880D1-841D-473D-B855-5046AD8E0147} = {BB18CFB6-90A0-4B8C-8F8E-9719C1BA579D}
		{B7CD001A-184C-4D2B-9BB2-DDEF651120C4} = {482A2C41-364C-4683-998E-61299A804BC5}
		{80C32A7F-956B-4DBF-8FB9-B9403F015926} = {482A2C41-364C-4683-998E-61299A804BC5}
		{B3911F7F-18BC-4BEB-A430-FBFD3085DE41} = {97F719F6-7599-464D-946F-391A12524EEF}
		{EC4B6B32-5C2D-4268-B945-412B29F1C77F} = {B4FC96A4-0469-4729-B96F-53229A3158AA}
		{70BB2BF2-B3D7-43DA-9834-7DB2E90FFCAC} = {97F719F6-7599-464D-946F-391A12524EEF}
		{2FD73755-AB7C-4868-8F57-C45752973C3E} = {482A2C41-364C-4683-998E-61299A804BC5}
		{920005FE-E10E-4466-9EE5-7DE6BB977036} = {BB18CFB6-90A0-4B8C-8F8E-9719C1BA579D}
	EndGlobalSection
	GlobalSection(ExtensibilityGlobals) = postSolution
		SolutionGuid = {13490AF3-D8C8-488D-8C26-48361471FABC}
	EndGlobalSection
EndGlobal
